{
  "name": "otpz",
  "lockfileVersion": 3,
  "requires": true,
  "packages": {
    "": {
      "dependencies": {
        "@alpinejs/mask": "^3.14.9"
      }
    },
    "node_modules/@alpinejs/mask": {
      "version": "3.14.9",
      "resolved": "https://registry.npmjs.org/@alpinejs/mask/-/mask-3.14.9.tgz",
      "integrity": "sha512-duuEo1tkrpxqBXISXWU6y4pnIdp22OzmgrQ0Q+W4R/mG2545rl360ihI3Dolbv2dS2E3C0sFsmS0pZcpFaGOZw==",
      "license": "MIT"
    }
  }
}
